{
  "nodes": {
    "nixpkgs": {
      "locked": {
        "lastModified": 1734566935,
        "narHash": "sha256-cnBItmSwoH132tH3D4jxmMLVmk8G5VJ6q/SC3kszv9E=",
        "owner": "nixos",
        "repo": "nixpkgs",
        "rev": "087408a407440892c1b00d80360fd64639b8091d",
        "type": "github"
      },
      "original": {
        "owner": "nixos",
        "repo": "nixpkgs",
        "type": "github"
      }
    },
    "root": {
      "inputs": {
        "nixpkgs": "nixpkgs"
      }
    }
  },
  "root": "root",
  "version": 7
}
