
Microsoft Visual Studio Solution File, Format Version 9.00
# Visual Studio 2005
Project("{8BC9CEB8-8B4A-11D0-8D11-00A0C91BC942}") = "diffmemstats", "diffmemstats.vcproj", "{0E8C25AB-098A-4699-999E-8FD7EE989EFD}"
EndProject
Global
	GlobalSection(SolutionConfigurationPlatforms) = preSolution
		Debug|Win32 = Debug|Win32
		Release|Win32 = Release|Win32
	EndGlobalSection
	GlobalSection(ProjectConfigurationPlatforms) = postSolution
		{0E8C25AB-098A-4699-999E-8FD7EE989EFD}.Debug|Win32.ActiveCfg = Debug|Win32
		{0E8C25AB-098A-4699-999E-8FD7EE989EFD}.Debug|Win32.Build.0 = Debug|Win32
		{0E8C25AB-098A-4699-999E-8FD7EE989EFD}.Release|Win32.ActiveCfg = Release|Win32
		{0E8C25AB-098A-4699-999E-8FD7EE989EFD}.Release|Win32.Build.0 = Release|Win32
	EndGlobalSection
	GlobalSection(SolutionProperties) = preSolution
		HideSolutionNode = FALSE
	EndGlobalSection
EndGlobal
